
Microsoft Visual Studio Solution File, Format Version 12.00
# Visual Studio 15
VisualStudioVersion = 15.0.27924.0
MinimumVisualStudioVersion = 10.0.40219.1
Project("{FAE04EC0-301F-11D3-BF4B-00C04F79EFBC}") = "Sales.Android", "Sales\Sales.Android\Sales.Android.csproj", "{C3CFDF73-4B9C-444D-B8FB-4CA4C598A579}"
EndProject
Project("{FAE04EC0-301F-11D3-BF4B-00C04F79EFBC}") = "Sales.iOS", "Sales\Sales.iOS\Sales.iOS.csproj", "{E5CE3309-9C1D-4409-B7D1-28A71FC1C87E}"
EndProject
Project("{FAE04EC0-301F-11D3-BF4B-00C04F79EFBC}") = "Sales.UWP", "Sales\Sales.UWP\Sales.UWP.csproj", "{51FCA066-B423-4107-A022-17326DD659F5}"
EndProject
Project("{FAE04EC0-301F-11D3-BF4B-00C04F79EFBC}") = "Sales", "Sales\Sales\Sales.csproj", "{679DAB67-214A-4B92-BDF9-DF5FE98C5003}"
EndProject
Project("{FAE04EC0-301F-11D3-BF4B-00C04F79EFBC}") = "Sales.Backend", "Sales.Backend\Sales.Backend.csproj", "{DE9BD5E7-65AA-46D3-BA88-E3B39049CDE9}"
EndProject
Project("{FAE04EC0-301F-11D3-BF4B-00C04F79EFBC}") = "Sales.API", "Sales.API\Sales.API.csproj", "{A67B2A0C-306B-47A3-BE90-8C9AEE3A3885}"
EndProject
Project("{FAE04EC0-301F-11D3-BF4B-00C04F79EFBC}") = "Sales.Domain", "Sales.Domain\Sales.Domain.csproj", "{187BCA0A-2706-4DC8-9EE1-D9D2CD16653B}"
EndProject
Project("{FAE04EC0-301F-11D3-BF4B-00C04F79EFBC}") = "Sales.Common", "Sales.Common\Sales.Common.csproj", "{846D3721-CBBB-4827-BDF3-33B6D6D3E054}"
EndProject
Global
	GlobalSection(SolutionConfigurationPlatforms) = preSolution
		Ad-Hoc|Any CPU = Ad-Hoc|Any CPU
		Ad-Hoc|ARM = Ad-Hoc|ARM
		Ad-Hoc|iPhone = Ad-Hoc|iPhone
		Ad-Hoc|iPhoneSimulator = Ad-Hoc|iPhoneSimulator
		Ad-Hoc|x64 = Ad-Hoc|x64
		Ad-Hoc|x86 = Ad-Hoc|x86
		AppStore|Any CPU = AppStore|Any CPU
		AppStore|ARM = AppStore|ARM
		AppStore|iPhone = AppStore|iPhone
		AppStore|iPhoneSimulator = AppStore|iPhoneSimulator
		AppStore|x64 = AppStore|x64
		AppStore|x86 = AppStore|x86
		Debug|Any CPU = Debug|Any CPU
		Debug|ARM = Debug|ARM
		Debug|iPhone = Debug|iPhone
		Debug|iPhoneSimulator = Debug|iPhoneSimulator
		Debug|x64 = Debug|x64
		Debug|x86 = Debug|x86
		Release|Any CPU = Release|Any CPU
		Release|ARM = Release|ARM
		Release|iPhone = Release|iPhone
		Release|iPhoneSimulator = Release|iPhoneSimulator
		Release|x64 = Release|x64
		Release|x86 = Release|x86
	EndGlobalSection
	GlobalSection(ProjectConfigurationPlatforms) = postSolution
		{C3CFDF73-4B9C-444D-B8FB-4CA4C598A579}.Ad-Hoc|Any CPU.ActiveCfg = Release|Any CPU
		{C3CFDF73-4B9C-444D-B8FB-4CA4C598A579}.Ad-Hoc|Any CPU.Build.0 = Release|Any CPU
		{C3CFDF73-4B9C-444D-B8FB-4CA4C598A579}.Ad-Hoc|Any CPU.Deploy.0 = Release|Any CPU
		{C3CFDF73-4B9C-444D-B8FB-4CA4C598A579}.Ad-Hoc|ARM.ActiveCfg = Release|Any CPU
		{C3CFDF73-4B9C-444D-B8FB-4CA4C598A579}.Ad-Hoc|ARM.Build.0 = Release|Any CPU
		{C3CFDF73-4B9C-444D-B8FB-4CA4C598A579}.Ad-Hoc|ARM.Deploy.0 = Release|Any CPU
		{C3CFDF73-4B9C-444D-B8FB-4CA4C598A579}.Ad-Hoc|iPhone.ActiveCfg = Release|Any CPU
		{C3CFDF73-4B9C-444D-B8FB-4CA4C598A579}.Ad-Hoc|iPhone.Build.0 = Release|Any CPU
		{C3CFDF73-4B9C-444D-B8FB-4CA4C598A579}.Ad-Hoc|iPhone.Deploy.0 = Release|Any CPU
		{C3CFDF73-4B9C-444D-B8FB-4CA4C598A579}.Ad-Hoc|iPhoneSimulator.ActiveCfg = Release|Any CPU
		{C3CFDF73-4B9C-444D-B8FB-4CA4C598A579}.Ad-Hoc|iPhoneSimulator.Build.0 = Release|Any CPU
		{C3CFDF73-4B9C-444D-B8FB-4CA4C598A579}.Ad-Hoc|iPhoneSimulator.Deploy.0 = Release|Any CPU
		{C3CFDF73-4B9C-444D-B8FB-4CA4C598A579}.Ad-Hoc|x64.ActiveCfg = Release|Any CPU
		{C3CFDF73-4B9C-444D-B8FB-4CA4C598A579}.Ad-Hoc|x64.Build.0 = Release|Any CPU
		{C3CFDF73-4B9C-444D-B8FB-4CA4C598A579}.Ad-Hoc|x64.Deploy.0 = Release|Any CPU
		{C3CFDF73-4B9C-444D-B8FB-4CA4C598A579}.Ad-Hoc|x86.ActiveCfg = Release|Any CPU
		{C3CFDF73-4B9C-444D-B8FB-4CA4C598A579}.Ad-Hoc|x86.Build.0 = Release|Any CPU
		{C3CFDF73-4B9C-444D-B8FB-4CA4C598A579}.Ad-Hoc|x86.Deploy.0 = Release|Any CPU
		{C3CFDF73-4B9C-444D-B8FB-4CA4C598A579}.AppStore|Any CPU.ActiveCfg = Release|Any CPU
		{C3CFDF73-4B9C-444D-B8FB-4CA4C598A579}.AppStore|Any CPU.Build.0 = Release|Any CPU
		{C3CFDF73-4B9C-444D-B8FB-4CA4C598A579}.AppStore|Any CPU.Deploy.0 = Release|Any CPU
		{C3CFDF73-4B9C-444D-B8FB-4CA4C598A579}.AppStore|ARM.ActiveCfg = Release|Any CPU
		{C3CFDF73-4B9C-444D-B8FB-4CA4C598A579}.AppStore|ARM.Build.0 = Release|Any CPU
		{C3CFDF73-4B9C-444D-B8FB-4CA4C598A579}.AppStore|ARM.Deploy.0 = Release|Any CPU
		{C3CFDF73-4B9C-444D-B8FB-4CA4C598A579}.AppStore|iPhone.ActiveCfg = Release|Any CPU
		{C3CFDF73-4B9C-444D-B8FB-4CA4C598A579}.AppStore|iPhone.Build.0 = Release|Any CPU
		{C3CFDF73-4B9C-444D-B8FB-4CA4C598A579}.AppStore|iPhone.Deploy.0 = Release|Any CPU
		{C3CFDF73-4B9C-444D-B8FB-4CA4C598A579}.AppStore|iPhoneSimulator.ActiveCfg = Release|Any CPU
		{C3CFDF73-4B9C-444D-B8FB-4CA4C598A579}.AppStore|iPhoneSimulator.Build.0 = Release|Any CPU
		{C3CFDF73-4B9C-444D-B8FB-4CA4C598A579}.AppStore|iPhoneSimulator.Deploy.0 = Release|Any CPU
		{C3CFDF73-4B9C-444D-B8FB-4CA4C598A579}.AppStore|x64.ActiveCfg = Release|Any CPU
		{C3CFDF73-4B9C-444D-B8FB-4CA4C598A579}.AppStore|x64.Build.0 = Release|Any CPU
		{C3CFDF73-4B9C-444D-B8FB-4CA4C598A579}.AppStore|x64.Deploy.0 = Release|Any CPU
		{C3CFDF73-4B9C-444D-B8FB-4CA4C598A579}.AppStore|x86.ActiveCfg = Release|Any CPU
		{C3CFDF73-4B9C-444D-B8FB-4CA4C598A579}.AppStore|x86.Build.0 = Release|Any CPU
		{C3CFDF73-4B9C-444D-B8FB-4CA4C598A579}.AppStore|x86.Deploy.0 = Release|Any CPU
		{C3CFDF73-4B9C-444D-B8FB-4CA4C598A579}.Debug|Any CPU.ActiveCfg = Debug|Any CPU
		{C3CFDF73-4B9C-444D-B8FB-4CA4C598A579}.Debug|Any CPU.Build.0 = Debug|Any CPU
		{C3CFDF73-4B9C-444D-B8FB-4CA4C598A579}.Debug|Any CPU.Deploy.0 = Debug|Any CPU
		{C3CFDF73-4B9C-444D-B8FB-4CA4C598A579}.Debug|ARM.ActiveCfg = Debug|Any CPU
		{C3CFDF73-4B9C-444D-B8FB-4CA4C598A579}.Debug|ARM.Build.0 = Debug|Any CPU
		{C3CFDF73-4B9C-444D-B8FB-4CA4C598A579}.Debug|ARM.Deploy.0 = Debug|Any CPU
		{C3CFDF73-4B9C-444D-B8FB-4CA4C598A579}.Debug|iPhone.ActiveCfg = Debug|Any CPU
		{C3CFDF73-4B9C-444D-B8FB-4CA4C598A579}.Debug|iPhone.Build.0 = Debug|Any CPU
		{C3CFDF73-4B9C-444D-B8FB-4CA4C598A579}.Debug|iPhone.Deploy.0 = Debug|Any CPU
		{C3CFDF73-4B9C-444D-B8FB-4CA4C598A579}.Debug|iPhoneSimulator.ActiveCfg = Debug|Any CPU
		{C3CFDF73-4B9C-444D-B8FB-4CA4C598A579}.Debug|iPhoneSimulator.Build.0 = Debug|Any CPU
		{C3CFDF73-4B9C-444D-B8FB-4CA4C598A579}.Debug|iPhoneSimulator.Deploy.0 = Debug|Any CPU
		{C3CFDF73-4B9C-444D-B8FB-4CA4C598A579}.Debug|x64.ActiveCfg = Debug|Any CPU
		{C3CFDF73-4B9C-444D-B8FB-4CA4C598A579}.Debug|x64.Build.0 = Debug|Any CPU
		{C3CFDF73-4B9C-444D-B8FB-4CA4C598A579}.Debug|x64.Deploy.0 = Debug|Any CPU
		{C3CFDF73-4B9C-444D-B8FB-4CA4C598A579}.Debug|x86.ActiveCfg = Debug|Any CPU
		{C3CFDF73-4B9C-444D-B8FB-4CA4C598A579}.Debug|x86.Build.0 = Debug|Any CPU
		{C3CFDF73-4B9C-444D-B8FB-4CA4C598A579}.Debug|x86.Deploy.0 = Debug|Any CPU
		{C3CFDF73-4B9C-444D-B8FB-4CA4C598A579}.Release|Any CPU.ActiveCfg = Release|Any CPU
		{C3CFDF73-4B9C-444D-B8FB-4CA4C598A579}.Release|Any CPU.Build.0 = Release|Any CPU
		{C3CFDF73-4B9C-444D-B8FB-4CA4C598A579}.Release|Any CPU.Deploy.0 = Release|Any CPU
		{C3CFDF73-4B9C-444D-B8FB-4CA4C598A579}.Release|ARM.ActiveCfg = Release|Any CPU
		{C3CFDF73-4B9C-444D-B8FB-4CA4C598A579}.Release|ARM.Build.0 = Release|Any CPU
		{C3CFDF73-4B9C-444D-B8FB-4CA4C598A579}.Release|ARM.Deploy.0 = Release|Any CPU
		{C3CFDF73-4B9C-444D-B8FB-4CA4C598A579}.Release|iPhone.ActiveCfg = Release|Any CPU
		{C3CFDF73-4B9C-444D-B8FB-4CA4C598A579}.Release|iPhone.Build.0 = Release|Any CPU
		{C3CFDF73-4B9C-444D-B8FB-4CA4C598A579}.Release|iPhone.Deploy.0 = Release|Any CPU
		{C3CFDF73-4B9C-444D-B8FB-4CA4C598A579}.Release|iPhoneSimulator.ActiveCfg = Release|Any CPU
		{C3CFDF73-4B9C-444D-B8FB-4CA4C598A579}.Release|iPhoneSimulator.Build.0 = Release|Any CPU
		{C3CFDF73-4B9C-444D-B8FB-4CA4C598A579}.Release|iPhoneSimulator.Deploy.0 = Release|Any CPU
		{C3CFDF73-4B9C-444D-B8FB-4CA4C598A579}.Release|x64.ActiveCfg = Release|Any CPU
		{C3CFDF73-4B9C-444D-B8FB-4CA4C598A579}.Release|x64.Build.0 = Release|Any CPU
		{C3CFDF73-4B9C-444D-B8FB-4CA4C598A579}.Release|x64.Deploy.0 = Release|Any CPU
		{C3CFDF73-4B9C-444D-B8FB-4CA4C598A579}.Release|x86.ActiveCfg = Release|Any CPU
		{C3CFDF73-4B9C-444D-B8FB-4CA4C598A579}.Release|x86.Build.0 = Release|Any CPU
		{C3CFDF73-4B9C-444D-B8FB-4CA4C598A579}.Release|x86.Deploy.0 = Release|Any CPU
		{E5CE3309-9C1D-4409-B7D1-28A71FC1C87E}.Ad-Hoc|Any CPU.ActiveCfg = Ad-Hoc|iPhone
		{E5CE3309-9C1D-4409-B7D1-28A71FC1C87E}.Ad-Hoc|Any CPU.Build.0 = Ad-Hoc|iPhone
		{E5CE3309-9C1D-4409-B7D1-28A71FC1C87E}.Ad-Hoc|Any CPU.Deploy.0 = Ad-Hoc|iPhone
		{E5CE3309-9C1D-4409-B7D1-28A71FC1C87E}.Ad-Hoc|ARM.ActiveCfg = Ad-Hoc|iPhone
		{E5CE3309-9C1D-4409-B7D1-28A71FC1C87E}.Ad-Hoc|ARM.Build.0 = Ad-Hoc|iPhone
		{E5CE3309-9C1D-4409-B7D1-28A71FC1C87E}.Ad-Hoc|ARM.Deploy.0 = Ad-Hoc|iPhone
		{E5CE3309-9C1D-4409-B7D1-28A71FC1C87E}.Ad-Hoc|iPhone.ActiveCfg = Ad-Hoc|iPhone
		{E5CE3309-9C1D-4409-B7D1-28A71FC1C87E}.Ad-Hoc|iPhone.Build.0 = Ad-Hoc|iPhone
		{E5CE3309-9C1D-4409-B7D1-28A71FC1C87E}.Ad-Hoc|iPhone.Deploy.0 = Ad-Hoc|iPhone
		{E5CE3309-9C1D-4409-B7D1-28A71FC1C87E}.Ad-Hoc|iPhoneSimulator.ActiveCfg = Ad-Hoc|iPhoneSimulator
		{E5CE3309-9C1D-4409-B7D1-28A71FC1C87E}.Ad-Hoc|iPhoneSimulator.Build.0 = Ad-Hoc|iPhoneSimulator
		{E5CE3309-9C1D-4409-B7D1-28A71FC1C87E}.Ad-Hoc|iPhoneSimulator.Deploy.0 = Ad-Hoc|iPhoneSimulator
		{E5CE3309-9C1D-4409-B7D1-28A71FC1C87E}.Ad-Hoc|x64.ActiveCfg = Ad-Hoc|iPhone
		{E5CE3309-9C1D-4409-B7D1-28A71FC1C87E}.Ad-Hoc|x64.Build.0 = Ad-Hoc|iPhone
		{E5CE3309-9C1D-4409-B7D1-28A71FC1C87E}.Ad-Hoc|x64.Deploy.0 = Ad-Hoc|iPhone
		{E5CE3309-9C1D-4409-B7D1-28A71FC1C87E}.Ad-Hoc|x86.ActiveCfg = Ad-Hoc|iPhone
		{E5CE3309-9C1D-4409-B7D1-28A71FC1C87E}.Ad-Hoc|x86.Build.0 = Ad-Hoc|iPhone
		{E5CE3309-9C1D-4409-B7D1-28A71FC1C87E}.Ad-Hoc|x86.Deploy.0 = Ad-Hoc|iPhone
		{E5CE3309-9C1D-4409-B7D1-28A71FC1C87E}.AppStore|Any CPU.ActiveCfg = AppStore|iPhone
		{E5CE3309-9C1D-4409-B7D1-28A71FC1C87E}.AppStore|Any CPU.Build.0 = AppStore|iPhone
		{E5CE3309-9C1D-4409-B7D1-28A71FC1C87E}.AppStore|Any CPU.Deploy.0 = AppStore|iPhone
		{E5CE3309-9C1D-4409-B7D1-28A71FC1C87E}.AppStore|ARM.ActiveCfg = AppStore|iPhone
		{E5CE3309-9C1D-4409-B7D1-28A71FC1C87E}.AppStore|ARM.Build.0 = AppStore|iPhone
		{E5CE3309-9C1D-4409-B7D1-28A71FC1C87E}.AppStore|ARM.Deploy.0 = AppStore|iPhone
		{E5CE3309-9C1D-4409-B7D1-28A71FC1C87E}.AppStore|iPhone.ActiveCfg = AppStore|iPhone
		{E5CE3309-9C1D-4409-B7D1-28A71FC1C87E}.AppStore|iPhone.Build.0 = AppStore|iPhone
		{E5CE3309-9C1D-4409-B7D1-28A71FC1C87E}.AppStore|iPhone.Deploy.0 = AppStore|iPhone
		{E5CE3309-9C1D-4409-B7D1-28A71FC1C87E}.AppStore|iPhoneSimulator.ActiveCfg = AppStore|iPhoneSimulator
		{E5CE3309-9C1D-4409-B7D1-28A71FC1C87E}.AppStore|iPhoneSimulator.Build.0 = AppStore|iPhoneSimulator
		{E5CE3309-9C1D-4409-B7D1-28A71FC1C87E}.AppStore|iPhoneSimulator.Deploy.0 = AppStore|iPhoneSimulator
		{E5CE3309-9C1D-4409-B7D1-28A71FC1C87E}.AppStore|x64.ActiveCfg = AppStore|iPhone
		{E5CE3309-9C1D-4409-B7D1-28A71FC1C87E}.AppStore|x64.Build.0 = AppStore|iPhone
		{E5CE3309-9C1D-4409-B7D1-28A71FC1C87E}.AppStore|x64.Deploy.0 = AppStore|iPhone
		{E5CE3309-9C1D-4409-B7D1-28A71FC1C87E}.AppStore|x86.ActiveCfg = AppStore|iPhone
		{E5CE3309-9C1D-4409-B7D1-28A71FC1C87E}.AppStore|x86.Build.0 = AppStore|iPhone
		{E5CE3309-9C1D-4409-B7D1-28A71FC1C87E}.AppStore|x86.Deploy.0 = AppStore|iPhone
		{E5CE3309-9C1D-4409-B7D1-28A71FC1C87E}.Debug|Any CPU.ActiveCfg = Debug|iPhoneSimulator
		{E5CE3309-9C1D-4409-B7D1-28A71FC1C87E}.Debug|Any CPU.Build.0 = Debug|iPhoneSimulator
		{E5CE3309-9C1D-4409-B7D1-28A71FC1C87E}.Debug|Any CPU.Deploy.0 = Debug|iPhoneSimulator
		{E5CE3309-9C1D-4409-B7D1-28A71FC1C87E}.Debug|ARM.ActiveCfg = Debug|iPhone
		{E5CE3309-9C1D-4409-B7D1-28A71FC1C87E}.Debug|ARM.Build.0 = Debug|iPhone
		{E5CE3309-9C1D-4409-B7D1-28A71FC1C87E}.Debug|ARM.Deploy.0 = Debug|iPhone
		{E5CE3309-9C1D-4409-B7D1-28A71FC1C87E}.Debug|iPhone.ActiveCfg = Debug|iPhone
		{E5CE3309-9C1D-4409-B7D1-28A71FC1C87E}.Debug|iPhone.Build.0 = Debug|iPhone
		{E5CE3309-9C1D-4409-B7D1-28A71FC1C87E}.Debug|iPhone.Deploy.0 = Debug|iPhone
		{E5CE3309-9C1D-4409-B7D1-28A71FC1C87E}.Debug|iPhoneSimulator.ActiveCfg = Debug|iPhoneSimulator
		{E5CE3309-9C1D-4409-B7D1-28A71FC1C87E}.Debug|iPhoneSimulator.Build.0 = Debug|iPhoneSimulator
		{E5CE3309-9C1D-4409-B7D1-28A71FC1C87E}.Debug|iPhoneSimulator.Deploy.0 = Debug|iPhoneSimulator
		{E5CE3309-9C1D-4409-B7D1-28A71FC1C87E}.Debug|x64.ActiveCfg = Debug|iPhone
		{E5CE3309-9C1D-4409-B7D1-28A71FC1C87E}.Debug|x64.Build.0 = Debug|iPhone
		{E5CE3309-9C1D-4409-B7D1-28A71FC1C87E}.Debug|x64.Deploy.0 = Debug|iPhone
		{E5CE3309-9C1D-4409-B7D1-28A71FC1C87E}.Debug|x86.ActiveCfg = Debug|iPhone
		{E5CE3309-9C1D-4409-B7D1-28A71FC1C87E}.Debug|x86.Build.0 = Debug|iPhone
		{E5CE3309-9C1D-4409-B7D1-28A71FC1C87E}.Debug|x86.Deploy.0 = Debug|iPhone
		{E5CE3309-9C1D-4409-B7D1-28A71FC1C87E}.Release|Any CPU.ActiveCfg = Release|iPhone
		{E5CE3309-9C1D-4409-B7D1-28A71FC1C87E}.Release|Any CPU.Build.0 = Release|iPhone
		{E5CE3309-9C1D-4409-B7D1-28A71FC1C87E}.Release|Any CPU.Deploy.0 = Release|iPhone
		{E5CE3309-9C1D-4409-B7D1-28A71FC1C87E}.Release|ARM.ActiveCfg = Release|iPhone
		{E5CE3309-9C1D-4409-B7D1-28A71FC1C87E}.Release|ARM.Build.0 = Release|iPhone
		{E5CE3309-9C1D-4409-B7D1-28A71FC1C87E}.Release|ARM.Deploy.0 = Release|iPhone
		{E5CE3309-9C1D-4409-B7D1-28A71FC1C87E}.Release|iPhone.ActiveCfg = Release|iPhone
		{E5CE3309-9C1D-4409-B7D1-28A71FC1C87E}.Release|iPhone.Build.0 = Release|iPhone
		{E5CE3309-9C1D-4409-B7D1-28A71FC1C87E}.Release|iPhone.Deploy.0 = Release|iPhone
		{E5CE3309-9C1D-4409-B7D1-28A71FC1C87E}.Release|iPhoneSimulator.ActiveCfg = Release|iPhoneSimulator
		{E5CE3309-9C1D-4409-B7D1-28A71FC1C87E}.Release|iPhoneSimulator.Build.0 = Release|iPhoneSimulator
		{E5CE3309-9C1D-4409-B7D1-28A71FC1C87E}.Release|iPhoneSimulator.Deploy.0 = Release|iPhoneSimulator
		{E5CE3309-9C1D-4409-B7D1-28A71FC1C87E}.Release|x64.ActiveCfg = Release|iPhone
		{E5CE3309-9C1D-4409-B7D1-28A71FC1C87E}.Release|x64.Build.0 = Release|iPhone
		{E5CE3309-9C1D-4409-B7D1-28A71FC1C87E}.Release|x64.Deploy.0 = Release|iPhone
		{E5CE3309-9C1D-4409-B7D1-28A71FC1C87E}.Release|x86.ActiveCfg = Release|iPhone
		{E5CE3309-9C1D-4409-B7D1-28A71FC1C87E}.Release|x86.Build.0 = Release|iPhone
		{E5CE3309-9C1D-4409-B7D1-28A71FC1C87E}.Release|x86.Deploy.0 = Release|iPhone
		{51FCA066-B423-4107-A022-17326DD659F5}.Ad-Hoc|Any CPU.ActiveCfg = Release|x86
		{51FCA066-B423-4107-A022-17326DD659F5}.Ad-Hoc|Any CPU.Build.0 = Release|x86
		{51FCA066-B423-4107-A022-17326DD659F5}.Ad-Hoc|Any CPU.Deploy.0 = Release|x86
		{51FCA066-B423-4107-A022-17326DD659F5}.Ad-Hoc|ARM.ActiveCfg = Release|ARM
		{51FCA066-B423-4107-A022-17326DD659F5}.Ad-Hoc|ARM.Build.0 = Release|ARM
		{51FCA066-B423-4107-A022-17326DD659F5}.Ad-Hoc|ARM.Deploy.0 = Release|ARM
		{51FCA066-B423-4107-A022-17326DD659F5}.Ad-Hoc|iPhone.ActiveCfg = Release|x86
		{51FCA066-B423-4107-A022-17326DD659F5}.Ad-Hoc|iPhone.Build.0 = Release|x86
		{51FCA066-B423-4107-A022-17326DD659F5}.Ad-Hoc|iPhone.Deploy.0 = Release|x86
		{51FCA066-B423-4107-A022-17326DD659F5}.Ad-Hoc|iPhoneSimulator.ActiveCfg = Release|x86
		{51FCA066-B423-4107-A022-17326DD659F5}.Ad-Hoc|iPhoneSimulator.Build.0 = Release|x86
		{51FCA066-B423-4107-A022-17326DD659F5}.Ad-Hoc|iPhoneSimulator.Deploy.0 = Release|x86
		{51FCA066-B423-4107-A022-17326DD659F5}.Ad-Hoc|x64.ActiveCfg = Release|x64
		{51FCA066-B423-4107-A022-17326DD659F5}.Ad-Hoc|x64.Build.0 = Release|x64
		{51FCA066-B423-4107-A022-17326DD659F5}.Ad-Hoc|x64.Deploy.0 = Release|x64
		{51FCA066-B423-4107-A022-17326DD659F5}.Ad-Hoc|x86.ActiveCfg = Release|x86
		{51FCA066-B423-4107-A022-17326DD659F5}.Ad-Hoc|x86.Build.0 = Release|x86
		{51FCA066-B423-4107-A022-17326DD659F5}.Ad-Hoc|x86.Deploy.0 = Release|x86
		{51FCA066-B423-4107-A022-17326DD659F5}.AppStore|Any CPU.ActiveCfg = Release|x86
		{51FCA066-B423-4107-A022-17326DD659F5}.AppStore|Any CPU.Build.0 = Release|x86
		{51FCA066-B423-4107-A022-17326DD659F5}.AppStore|Any CPU.Deploy.0 = Release|x86
		{51FCA066-B423-4107-A022-17326DD659F5}.AppStore|ARM.ActiveCfg = Release|ARM
		{51FCA066-B423-4107-A022-17326DD659F5}.AppStore|ARM.Build.0 = Release|ARM
		{51FCA066-B423-4107-A022-17326DD659F5}.AppStore|ARM.Deploy.0 = Release|ARM
		{51FCA066-B423-4107-A022-17326DD659F5}.AppStore|iPhone.ActiveCfg = Release|x86
		{51FCA066-B423-4107-A022-17326DD659F5}.AppStore|iPhone.Build.0 = Release|x86
		{51FCA066-B423-4107-A022-17326DD659F5}.AppStore|iPhone.Deploy.0 = Release|x86
		{51FCA066-B423-4107-A022-17326DD659F5}.AppStore|iPhoneSimulator.ActiveCfg = Release|x86
		{51FCA066-B423-4107-A022-17326DD659F5}.AppStore|iPhoneSimulator.Build.0 = Release|x86
		{51FCA066-B423-4107-A022-17326DD659F5}.AppStore|iPhoneSimulator.Deploy.0 = Release|x86
		{51FCA066-B423-4107-A022-17326DD659F5}.AppStore|x64.ActiveCfg = Release|x64
		{51FCA066-B423-4107-A022-17326DD659F5}.AppStore|x64.Build.0 = Release|x64
		{51FCA066-B423-4107-A022-17326DD659F5}.AppStore|x64.Deploy.0 = Release|x64
		{51FCA066-B423-4107-A022-17326DD659F5}.AppStore|x86.ActiveCfg = Release|x86
		{51FCA066-B423-4107-A022-17326DD659F5}.AppStore|x86.Build.0 = Release|x86
		{51FCA066-B423-4107-A022-17326DD659F5}.AppStore|x86.Deploy.0 = Release|x86
		{51FCA066-B423-4107-A022-17326DD659F5}.Debug|Any CPU.ActiveCfg = Debug|x86
		{51FCA066-B423-4107-A022-17326DD659F5}.Debug|Any CPU.Build.0 = Debug|x86
		{51FCA066-B423-4107-A022-17326DD659F5}.Debug|Any CPU.Deploy.0 = Debug|x86
		{51FCA066-B423-4107-A022-17326DD659F5}.Debug|ARM.ActiveCfg = Debug|ARM
		{51FCA066-B423-4107-A022-17326DD659F5}.Debug|ARM.Build.0 = Debug|ARM
		{51FCA066-B423-4107-A022-17326DD659F5}.Debug|ARM.Deploy.0 = Debug|ARM
		{51FCA066-B423-4107-A022-17326DD659F5}.Debug|iPhone.ActiveCfg = Debug|x86
		{51FCA066-B423-4107-A022-17326DD659F5}.Debug|iPhone.Build.0 = Debug|x86
		{51FCA066-B423-4107-A022-17326DD659F5}.Debug|iPhone.Deploy.0 = Debug|x86
		{51FCA066-B423-4107-A022-17326DD659F5}.Debug|iPhoneSimulator.ActiveCfg = Debug|x86
		{51FCA066-B423-4107-A022-17326DD659F5}.Debug|iPhoneSimulator.Build.0 = Debug|x86
		{51FCA066-B423-4107-A022-17326DD659F5}.Debug|iPhoneSimulator.Deploy.0 = Debug|x86
		{51FCA066-B423-4107-A022-17326DD659F5}.Debug|x64.ActiveCfg = Debug|x64
		{51FCA066-B423-4107-A022-17326DD659F5}.Debug|x64.Build.0 = Debug|x64
		{51FCA066-B423-4107-A022-17326DD659F5}.Debug|x64.Deploy.0 = Debug|x64
		{51FCA066-B423-4107-A022-17326DD659F5}.Debug|x86.ActiveCfg = Debug|x86
		{51FCA066-B423-4107-A022-17326DD659F5}.Debug|x86.Build.0 = Debug|x86
		{51FCA066-B423-4107-A022-17326DD659F5}.Debug|x86.Deploy.0 = Debug|x86
		{51FCA066-B423-4107-A022-17326DD659F5}.Release|Any CPU.ActiveCfg = Release|x86
		{51FCA066-B423-4107-A022-17326DD659F5}.Release|Any CPU.Build.0 = Release|x86
		{51FCA066-B423-4107-A022-17326DD659F5}.Release|Any CPU.Deploy.0 = Release|x86
		{51FCA066-B423-4107-A022-17326DD659F5}.Release|ARM.ActiveCfg = Release|ARM
		{51FCA066-B423-4107-A022-17326DD659F5}.Release|ARM.Build.0 = Release|ARM
		{51FCA066-B423-4107-A022-17326DD659F5}.Release|ARM.Deploy.0 = Release|ARM
		{51FCA066-B423-4107-A022-17326DD659F5}.Release|iPhone.ActiveCfg = Release|x86
		{51FCA066-B423-4107-A022-17326DD659F5}.Release|iPhone.Build.0 = Release|x86
		{51FCA066-B423-4107-A022-17326DD659F5}.Release|iPhone.Deploy.0 = Release|x86
		{51FCA066-B423-4107-A022-17326DD659F5}.Release|iPhoneSimulator.ActiveCfg = Release|x86
		{51FCA066-B423-4107-A022-17326DD659F5}.Release|iPhoneSimulator.Build.0 = Release|x86
		{51FCA066-B423-4107-A022-17326DD659F5}.Release|iPhoneSimulator.Deploy.0 = Release|x86
		{51FCA066-B423-4107-A022-17326DD659F5}.Release|x64.ActiveCfg = Release|x64
		{51FCA066-B423-4107-A022-17326DD659F5}.Release|x64.Build.0 = Release|x64
		{51FCA066-B423-4107-A022-17326DD659F5}.Release|x64.Deploy.0 = Release|x64
		{51FCA066-B423-4107-A022-17326DD659F5}.Release|x86.ActiveCfg = Release|x86
		{51FCA066-B423-4107-A022-17326DD659F5}.Release|x86.Build.0 = Release|x86
		{51FCA066-B423-4107-A022-17326DD659F5}.Release|x86.Deploy.0 = Release|x86
		{679DAB67-214A-4B92-BDF9-DF5FE98C5003}.Ad-Hoc|Any CPU.ActiveCfg = Debug|Any CPU
		{679DAB67-214A-4B92-BDF9-DF5FE98C5003}.Ad-Hoc|Any CPU.Build.0 = Debug|Any CPU
		{679DAB67-214A-4B92-BDF9-DF5FE98C5003}.Ad-Hoc|Any CPU.Deploy.0 = Debug|Any CPU
		{679DAB67-214A-4B92-BDF9-DF5FE98C5003}.Ad-Hoc|ARM.ActiveCfg = Debug|Any CPU
		{679DAB67-214A-4B92-BDF9-DF5FE98C5003}.Ad-Hoc|ARM.Build.0 = Debug|Any CPU
		{679DAB67-214A-4B92-BDF9-DF5FE98C5003}.Ad-Hoc|ARM.Deploy.0 = Debug|Any CPU
		{679DAB67-214A-4B92-BDF9-DF5FE98C5003}.Ad-Hoc|iPhone.ActiveCfg = Debug|Any CPU
		{679DAB67-214A-4B92-BDF9-DF5FE98C5003}.Ad-Hoc|iPhone.Build.0 = Debug|Any CPU
		{679DAB67-214A-4B92-BDF9-DF5FE98C5003}.Ad-Hoc|iPhone.Deploy.0 = Debug|Any CPU
		{679DAB67-214A-4B92-BDF9-DF5FE98C5003}.Ad-Hoc|iPhoneSimulator.ActiveCfg = Debug|Any CPU
		{679DAB67-214A-4B92-BDF9-DF5FE98C5003}.Ad-Hoc|iPhoneSimulator.Build.0 = Debug|Any CPU
		{679DAB67-214A-4B92-BDF9-DF5FE98C5003}.Ad-Hoc|iPhoneSimulator.Deploy.0 = Debug|Any CPU
		{679DAB67-214A-4B92-BDF9-DF5FE98C5003}.Ad-Hoc|x64.ActiveCfg = Debug|Any CPU
		{679DAB67-214A-4B92-BDF9-DF5FE98C5003}.Ad-Hoc|x64.Build.0 = Debug|Any CPU
		{679DAB67-214A-4B92-BDF9-DF5FE98C5003}.Ad-Hoc|x64.Deploy.0 = Debug|Any CPU
		{679DAB67-214A-4B92-BDF9-DF5FE98C5003}.Ad-Hoc|x86.ActiveCfg = Debug|Any CPU
		{679DAB67-214A-4B92-BDF9-DF5FE98C5003}.Ad-Hoc|x86.Build.0 = Debug|Any CPU
		{679DAB67-214A-4B92-BDF9-DF5FE98C5003}.Ad-Hoc|x86.Deploy.0 = Debug|Any CPU
		{679DAB67-214A-4B92-BDF9-DF5FE98C5003}.AppStore|Any CPU.ActiveCfg = Debug|Any CPU
		{679DAB67-214A-4B92-BDF9-DF5FE98C5003}.AppStore|Any CPU.Build.0 = Debug|Any CPU
		{679DAB67-214A-4B92-BDF9-DF5FE98C5003}.AppStore|Any CPU.Deploy.0 = Debug|Any CPU
		{679DAB67-214A-4B92-BDF9-DF5FE98C5003}.AppStore|ARM.ActiveCfg = Debug|Any CPU
		{679DAB67-214A-4B92-BDF9-DF5FE98C5003}.AppStore|ARM.Build.0 = Debug|Any CPU
		{679DAB67-214A-4B92-BDF9-DF5FE98C5003}.AppStore|ARM.Deploy.0 = Debug|Any CPU
		{679DAB67-214A-4B92-BDF9-DF5FE98C5003}.AppStore|iPhone.ActiveCfg = Debug|Any CPU
		{679DAB67-214A-4B92-BDF9-DF5FE98C5003}.AppStore|iPhone.Build.0 = Debug|Any CPU
		{679DAB67-214A-4B92-BDF9-DF5FE98C5003}.AppStore|iPhone.Deploy.0 = Debug|Any CPU
		{679DAB67-214A-4B92-BDF9-DF5FE98C5003}.AppStore|iPhoneSimulator.ActiveCfg = Debug|Any CPU
		{679DAB67-214A-4B92-BDF9-DF5FE98C5003}.AppStore|iPhoneSimulator.Build.0 = Debug|Any CPU
		{679DAB67-214A-4B92-BDF9-DF5FE98C5003}.AppStore|iPhoneSimulator.Deploy.0 = Debug|Any CPU
		{679DAB67-214A-4B92-BDF9-DF5FE98C5003}.AppStore|x64.ActiveCfg = Debug|Any CPU
		{679DAB67-214A-4B92-BDF9-DF5FE98C5003}.AppStore|x64.Build.0 = Debug|Any CPU
		{679DAB67-214A-4B92-BDF9-DF5FE98C5003}.AppStore|x64.Deploy.0 = Debug|Any CPU
		{679DAB67-214A-4B92-BDF9-DF5FE98C5003}.AppStore|x86.ActiveCfg = Debug|Any CPU
		{679DAB67-214A-4B92-BDF9-DF5FE98C5003}.AppStore|x86.Build.0 = Debug|Any CPU
		{679DAB67-214A-4B92-BDF9-DF5FE98C5003}.AppStore|x86.Deploy.0 = Debug|Any CPU
		{679DAB67-214A-4B92-BDF9-DF5FE98C5003}.Debug|Any CPU.ActiveCfg = Debug|Any CPU
		{679DAB67-214A-4B92-BDF9-DF5FE98C5003}.Debug|Any CPU.Build.0 = Debug|Any CPU
		{679DAB67-214A-4B92-BDF9-DF5FE98C5003}.Debug|Any CPU.Deploy.0 = Debug|Any CPU
		{679DAB67-214A-4B92-BDF9-DF5FE98C5003}.Debug|ARM.ActiveCfg = Debug|Any CPU
		{679DAB67-214A-4B92-BDF9-DF5FE98C5003}.Debug|ARM.Build.0 = Debug|Any CPU
		{679DAB67-214A-4B92-BDF9-DF5FE98C5003}.Debug|ARM.Deploy.0 = Debug|Any CPU
		{679DAB67-214A-4B92-BDF9-DF5FE98C5003}.Debug|iPhone.ActiveCfg = Debug|Any CPU
		{679DAB67-214A-4B92-BDF9-DF5FE98C5003}.Debug|iPhone.Build.0 = Debug|Any CPU
		{679DAB67-214A-4B92-BDF9-DF5FE98C5003}.Debug|iPhone.Deploy.0 = Debug|Any CPU
		{679DAB67-214A-4B92-BDF9-DF5FE98C5003}.Debug|iPhoneSimulator.ActiveCfg = Debug|Any CPU
		{679DAB67-214A-4B92-BDF9-DF5FE98C5003}.Debug|iPhoneSimulator.Build.0 = Debug|Any CPU
		{679DAB67-214A-4B92-BDF9-DF5FE98C5003}.Debug|iPhoneSimulator.Deploy.0 = Debug|Any CPU
		{679DAB67-214A-4B92-BDF9-DF5FE98C5003}.Debug|x64.ActiveCfg = Debug|Any CPU
		{679DAB67-214A-4B92-BDF9-DF5FE98C5003}.Debug|x64.Build.0 = Debug|Any CPU
		{679DAB67-214A-4B92-BDF9-DF5FE98C5003}.Debug|x64.Deploy.0 = Debug|Any CPU
		{679DAB67-214A-4B92-BDF9-DF5FE98C5003}.Debug|x86.ActiveCfg = Debug|Any CPU
		{679DAB67-214A-4B92-BDF9-DF5FE98C5003}.Debug|x86.Build.0 = Debug|Any CPU
		{679DAB67-214A-4B92-BDF9-DF5FE98C5003}.Debug|x86.Deploy.0 = Debug|Any CPU
		{679DAB67-214A-4B92-BDF9-DF5FE98C5003}.Release|Any CPU.ActiveCfg = Release|Any CPU
		{679DAB67-214A-4B92-BDF9-DF5FE98C5003}.Release|Any CPU.Build.0 = Release|Any CPU
		{679DAB67-214A-4B92-BDF9-DF5FE98C5003}.Release|Any CPU.Deploy.0 = Release|Any CPU
		{679DAB67-214A-4B92-BDF9-DF5FE98C5003}.Release|ARM.ActiveCfg = Release|Any CPU
		{679DAB67-214A-4B92-BDF9-DF5FE98C5003}.Release|ARM.Build.0 = Release|Any CPU
		{679DAB67-214A-4B92-BDF9-DF5FE98C5003}.Release|ARM.Deploy.0 = Release|Any CPU
		{679DAB67-214A-4B92-BDF9-DF5FE98C5003}.Release|iPhone.ActiveCfg = Release|Any CPU
		{679DAB67-214A-4B92-BDF9-DF5FE98C5003}.Release|iPhone.Build.0 = Release|Any CPU
		{679DAB67-214A-4B92-BDF9-DF5FE98C5003}.Release|iPhone.Deploy.0 = Release|Any CPU
		{679DAB67-214A-4B92-BDF9-DF5FE98C5003}.Release|iPhoneSimulator.ActiveCfg = Release|Any CPU
		{679DAB67-214A-4B92-BDF9-DF5FE98C5003}.Release|iPhoneSimulator.Build.0 = Release|Any CPU
		{679DAB67-214A-4B92-BDF9-DF5FE98C5003}.Release|iPhoneSimulator.Deploy.0 = Release|Any CPU
		{679DAB67-214A-4B92-BDF9-DF5FE98C5003}.Release|x64.ActiveCfg = Release|Any CPU
		{679DAB67-214A-4B92-BDF9-DF5FE98C5003}.Release|x64.Build.0 = Release|Any CPU
		{679DAB67-214A-4B92-BDF9-DF5FE98C5003}.Release|x64.Deploy.0 = Release|Any CPU
		{679DAB67-214A-4B92-BDF9-DF5FE98C5003}.Release|x86.ActiveCfg = Release|Any CPU
		{679DAB67-214A-4B92-BDF9-DF5FE98C5003}.Release|x86.Build.0 = Release|Any CPU
		{679DAB67-214A-4B92-BDF9-DF5FE98C5003}.Release|x86.Deploy.0 = Release|Any CPU
		{DE9BD5E7-65AA-46D3-BA88-E3B39049CDE9}.Ad-Hoc|Any CPU.ActiveCfg = Release|Any CPU
		{DE9BD5E7-65AA-46D3-BA88-E3B39049CDE9}.Ad-Hoc|Any CPU.Build.0 = Release|Any CPU
		{DE9BD5E7-65AA-46D3-BA88-E3B39049CDE9}.Ad-Hoc|ARM.ActiveCfg = Release|Any CPU
		{DE9BD5E7-65AA-46D3-BA88-E3B39049CDE9}.Ad-Hoc|ARM.Build.0 = Release|Any CPU
		{DE9BD5E7-65AA-46D3-BA88-E3B39049CDE9}.Ad-Hoc|iPhone.ActiveCfg = Release|Any CPU
		{DE9BD5E7-65AA-46D3-BA88-E3B39049CDE9}.Ad-Hoc|iPhone.Build.0 = Release|Any CPU
		{DE9BD5E7-65AA-46D3-BA88-E3B39049CDE9}.Ad-Hoc|iPhoneSimulator.ActiveCfg = Release|Any CPU
		{DE9BD5E7-65AA-46D3-BA88-E3B39049CDE9}.Ad-Hoc|iPhoneSimulator.Build.0 = Release|Any CPU
		{DE9BD5E7-65AA-46D3-BA88-E3B39049CDE9}.Ad-Hoc|x64.ActiveCfg = Release|Any CPU
		{DE9BD5E7-65AA-46D3-BA88-E3B39049CDE9}.Ad-Hoc|x64.Build.0 = Release|Any CPU
		{DE9BD5E7-65AA-46D3-BA88-E3B39049CDE9}.Ad-Hoc|x86.ActiveCfg = Release|Any CPU
		{DE9BD5E7-65AA-46D3-BA88-E3B39049CDE9}.Ad-Hoc|x86.Build.0 = Release|Any CPU
		{DE9BD5E7-65AA-46D3-BA88-E3B39049CDE9}.AppStore|Any CPU.ActiveCfg = Release|Any CPU
		{DE9BD5E7-65AA-46D3-BA88-E3B39049CDE9}.AppStore|Any CPU.Build.0 = Release|Any CPU
		{DE9BD5E7-65AA-46D3-BA88-E3B39049CDE9}.AppStore|ARM.ActiveCfg = Release|Any CPU
		{DE9BD5E7-65AA-46D3-BA88-E3B39049CDE9}.AppStore|ARM.Build.0 = Release|Any CPU
		{DE9BD5E7-65AA-46D3-BA88-E3B39049CDE9}.AppStore|iPhone.ActiveCfg = Release|Any CPU
		{DE9BD5E7-65AA-46D3-BA88-E3B39049CDE9}.AppStore|iPhone.Build.0 = Release|Any CPU
		{DE9BD5E7-65AA-46D3-BA88-E3B39049CDE9}.AppStore|iPhoneSimulator.ActiveCfg = Release|Any CPU
		{DE9BD5E7-65AA-46D3-BA88-E3B39049CDE9}.AppStore|iPhoneSimulator.Build.0 = Release|Any CPU
		{DE9BD5E7-65AA-46D3-BA88-E3B39049CDE9}.AppStore|x64.ActiveCfg = Release|Any CPU
		{DE9BD5E7-65AA-46D3-BA88-E3B39049CDE9}.AppStore|x64.Build.0 = Release|Any CPU
		{DE9BD5E7-65AA-46D3-BA88-E3B39049CDE9}.AppStore|x86.ActiveCfg = Release|Any CPU
		{DE9BD5E7-65AA-46D3-BA88-E3B39049CDE9}.AppStore|x86.Build.0 = Release|Any CPU
		{DE9BD5E7-65AA-46D3-BA88-E3B39049CDE9}.Debug|Any CPU.ActiveCfg = Debug|Any CPU
		{DE9BD5E7-65AA-46D3-BA88-E3B39049CDE9}.Debug|Any CPU.Build.0 = Debug|Any CPU
		{DE9BD5E7-65AA-46D3-BA88-E3B39049CDE9}.Debug|ARM.ActiveCfg = Debug|Any CPU
		{DE9BD5E7-65AA-46D3-BA88-E3B39049CDE9}.Debug|ARM.Build.0 = Debug|Any CPU
		{DE9BD5E7-65AA-46D3-BA88-E3B39049CDE9}.Debug|iPhone.ActiveCfg = Debug|Any CPU
		{DE9BD5E7-65AA-46D3-BA88-E3B39049CDE9}.Debug|iPhone.Build.0 = Debug|Any CPU
		{DE9BD5E7-65AA-46D3-BA88-E3B39049CDE9}.Debug|iPhoneSimulator.ActiveCfg = Debug|Any CPU
		{DE9BD5E7-65AA-46D3-BA88-E3B39049CDE9}.Debug|iPhoneSimulator.Build.0 = Debug|Any CPU
		{DE9BD5E7-65AA-46D3-BA88-E3B39049CDE9}.Debug|x64.ActiveCfg = Debug|Any CPU
		{DE9BD5E7-65AA-46D3-BA88-E3B39049CDE9}.Debug|x64.Build.0 = Debug|Any CPU
		{DE9BD5E7-65AA-46D3-BA88-E3B39049CDE9}.Debug|x86.ActiveCfg = Debug|Any CPU
		{DE9BD5E7-65AA-46D3-BA88-E3B39049CDE9}.Debug|x86.Build.0 = Debug|Any CPU
		{DE9BD5E7-65AA-46D3-BA88-E3B39049CDE9}.Release|Any CPU.ActiveCfg = Release|Any CPU
		{DE9BD5E7-65AA-46D3-BA88-E3B39049CDE9}.Release|Any CPU.Build.0 = Release|Any CPU
		{DE9BD5E7-65AA-46D3-BA88-E3B39049CDE9}.Release|ARM.ActiveCfg = Release|Any CPU
		{DE9BD5E7-65AA-46D3-BA88-E3B39049CDE9}.Release|ARM.Build.0 = Release|Any CPU
		{DE9BD5E7-65AA-46D3-BA88-E3B39049CDE9}.Release|iPhone.ActiveCfg = Release|Any CPU
		{DE9BD5E7-65AA-46D3-BA88-E3B39049CDE9}.Release|iPhone.Build.0 = Release|Any CPU
		{DE9BD5E7-65AA-46D3-BA88-E3B39049CDE9}.Release|iPhoneSimulator.ActiveCfg = Release|Any CPU
		{DE9BD5E7-65AA-46D3-BA88-E3B39049CDE9}.Release|iPhoneSimulator.Build.0 = Release|Any CPU
		{DE9BD5E7-65AA-46D3-BA88-E3B39049CDE9}.Release|x64.ActiveCfg = Release|Any CPU
		{DE9BD5E7-65AA-46D3-BA88-E3B39049CDE9}.Release|x64.Build.0 = Release|Any CPU
		{DE9BD5E7-65AA-46D3-BA88-E3B39049CDE9}.Release|x86.ActiveCfg = Release|Any CPU
		{DE9BD5E7-65AA-46D3-BA88-E3B39049CDE9}.Release|x86.Build.0 = Release|Any CPU
		{A67B2A0C-306B-47A3-BE90-8C9AEE3A3885}.Ad-Hoc|Any CPU.ActiveCfg = Release|Any CPU
		{A67B2A0C-306B-47A3-BE90-8C9AEE3A3885}.Ad-Hoc|Any CPU.Build.0 = Release|Any CPU
		{A67B2A0C-306B-47A3-BE90-8C9AEE3A3885}.Ad-Hoc|ARM.ActiveCfg = Release|Any CPU
		{A67B2A0C-306B-47A3-BE90-8C9AEE3A3885}.Ad-Hoc|ARM.Build.0 = Release|Any CPU
		{A67B2A0C-306B-47A3-BE90-8C9AEE3A3885}.Ad-Hoc|iPhone.ActiveCfg = Release|Any CPU
		{A67B2A0C-306B-47A3-BE90-8C9AEE3A3885}.Ad-Hoc|iPhone.Build.0 = Release|Any CPU
		{A67B2A0C-306B-47A3-BE90-8C9AEE3A3885}.Ad-Hoc|iPhoneSimulator.ActiveCfg = Release|Any CPU
		{A67B2A0C-306B-47A3-BE90-8C9AEE3A3885}.Ad-Hoc|iPhoneSimulator.Build.0 = Release|Any CPU
		{A67B2A0C-306B-47A3-BE90-8C9AEE3A3885}.Ad-Hoc|x64.ActiveCfg = Release|Any CPU
		{A67B2A0C-306B-47A3-BE90-8C9AEE3A3885}.Ad-Hoc|x64.Build.0 = Release|Any CPU
		{A67B2A0C-306B-47A3-BE90-8C9AEE3A3885}.Ad-Hoc|x86.ActiveCfg = Release|Any CPU
		{A67B2A0C-306B-47A3-BE90-8C9AEE3A3885}.Ad-Hoc|x86.Build.0 = Release|Any CPU
		{A67B2A0C-306B-47A3-BE90-8C9AEE3A3885}.AppStore|Any CPU.ActiveCfg = Release|Any CPU
		{A67B2A0C-306B-47A3-BE90-8C9AEE3A3885}.AppStore|Any CPU.Build.0 = Release|Any CPU
		{A67B2A0C-306B-47A3-BE90-8C9AEE3A3885}.AppStore|ARM.ActiveCfg = Release|Any CPU
		{A67B2A0C-306B-47A3-BE90-8C9AEE3A3885}.AppStore|ARM.Build.0 = Release|Any CPU
		{A67B2A0C-306B-47A3-BE90-8C9AEE3A3885}.AppStore|iPhone.ActiveCfg = Release|Any CPU
		{A67B2A0C-306B-47A3-BE90-8C9AEE3A3885}.AppStore|iPhone.Build.0 = Release|Any CPU
		{A67B2A0C-306B-47A3-BE90-8C9AEE3A3885}.AppStore|iPhoneSimulator.ActiveCfg = Release|Any CPU
		{A67B2A0C-306B-47A3-BE90-8C9AEE3A3885}.AppStore|iPhoneSimulator.Build.0 = Release|Any CPU
		{A67B2A0C-306B-47A3-BE90-8C9AEE3A3885}.AppStore|x64.ActiveCfg = Release|Any CPU
		{A67B2A0C-306B-47A3-BE90-8C9AEE3A3885}.AppStore|x64.Build.0 = Release|Any CPU
		{A67B2A0C-306B-47A3-BE90-8C9AEE3A3885}.AppStore|x86.ActiveCfg = Release|Any CPU
		{A67B2A0C-306B-47A3-BE90-8C9AEE3A3885}.AppStore|x86.Build.0 = Release|Any CPU
		{A67B2A0C-306B-47A3-BE90-8C9AEE3A3885}.Debug|Any CPU.ActiveCfg = Debug|Any CPU
		{A67B2A0C-306B-47A3-BE90-8C9AEE3A3885}.Debug|Any CPU.Build.0 = Debug|Any CPU
		{A67B2A0C-306B-47A3-BE90-8C9AEE3A3885}.Debug|ARM.ActiveCfg = Debug|Any CPU
		{A67B2A0C-306B-47A3-BE90-8C9AEE3A3885}.Debug|ARM.Build.0 = Debug|Any CPU
		{A67B2A0C-306B-47A3-BE90-8C9AEE3A3885}.Debug|iPhone.ActiveCfg = Debug|Any CPU
		{A67B2A0C-306B-47A3-BE90-8C9AEE3A3885}.Debug|iPhone.Build.0 = Debug|Any CPU
		{A67B2A0C-306B-47A3-BE90-8C9AEE3A3885}.Debug|iPhoneSimulator.ActiveCfg = Debug|Any CPU
		{A67B2A0C-306B-47A3-BE90-8C9AEE3A3885}.Debug|iPhoneSimulator.Build.0 = Debug|Any CPU
		{A67B2A0C-306B-47A3-BE90-8C9AEE3A3885}.Debug|x64.ActiveCfg = Debug|Any CPU
		{A67B2A0C-306B-47A3-BE90-8C9AEE3A3885}.Debug|x64.Build.0 = Debug|Any CPU
		{A67B2A0C-306B-47A3-BE90-8C9AEE3A3885}.Debug|x86.ActiveCfg = Debug|Any CPU
		{A67B2A0C-306B-47A3-BE90-8C9AEE3A3885}.Debug|x86.Build.0 = Debug|Any CPU
		{A67B2A0C-306B-47A3-BE90-8C9AEE3A3885}.Release|Any CPU.ActiveCfg = Release|Any CPU
		{A67B2A0C-306B-47A3-BE90-8C9AEE3A3885}.Release|Any CPU.Build.0 = Release|Any CPU
		{A67B2A0C-306B-47A3-BE90-8C9AEE3A3885}.Release|ARM.ActiveCfg = Release|Any CPU
		{A67B2A0C-306B-47A3-BE90-8C9AEE3A3885}.Release|ARM.Build.0 = Release|Any CPU
		{A67B2A0C-306B-47A3-BE90-8C9AEE3A3885}.Release|iPhone.ActiveCfg = Release|Any CPU
		{A67B2A0C-306B-47A3-BE90-8C9AEE3A3885}.Release|iPhone.Build.0 = Release|Any CPU
		{A67B2A0C-306B-47A3-BE90-8C9AEE3A3885}.Release|iPhoneSimulator.ActiveCfg = Release|Any CPU
		{A67B2A0C-306B-47A3-BE90-8C9AEE3A3885}.Release|iPhoneSimulator.Build.0 = Release|Any CPU
		{A67B2A0C-306B-47A3-BE90-8C9AEE3A3885}.Release|x64.ActiveCfg = Release|Any CPU
		{A67B2A0C-306B-47A3-BE90-8C9AEE3A3885}.Release|x64.Build.0 = Release|Any CPU
		{A67B2A0C-306B-47A3-BE90-8C9AEE3A3885}.Release|x86.ActiveCfg = Release|Any CPU
		{A67B2A0C-306B-47A3-BE90-8C9AEE3A3885}.Release|x86.Build.0 = Release|Any CPU
		{187BCA0A-2706-4DC8-9EE1-D9D2CD16653B}.Ad-Hoc|Any CPU.ActiveCfg = Release|Any CPU
		{187BCA0A-2706-4DC8-9EE1-D9D2CD16653B}.Ad-Hoc|Any CPU.Build.0 = Release|Any CPU
		{187BCA0A-2706-4DC8-9EE1-D9D2CD16653B}.Ad-Hoc|ARM.ActiveCfg = Release|Any CPU
		{187BCA0A-2706-4DC8-9EE1-D9D2CD16653B}.Ad-Hoc|ARM.Build.0 = Release|Any CPU
		{187BCA0A-2706-4DC8-9EE1-D9D2CD16653B}.Ad-Hoc|iPhone.ActiveCfg = Release|Any CPU
		{187BCA0A-2706-4DC8-9EE1-D9D2CD16653B}.Ad-Hoc|iPhone.Build.0 = Release|Any CPU
		{187BCA0A-2706-4DC8-9EE1-D9D2CD16653B}.Ad-Hoc|iPhoneSimulator.ActiveCfg = Release|Any CPU
		{187BCA0A-2706-4DC8-9EE1-D9D2CD16653B}.Ad-Hoc|iPhoneSimulator.Build.0 = Release|Any CPU
		{187BCA0A-2706-4DC8-9EE1-D9D2CD16653B}.Ad-Hoc|x64.ActiveCfg = Release|Any CPU
		{187BCA0A-2706-4DC8-9EE1-D9D2CD16653B}.Ad-Hoc|x64.Build.0 = Release|Any CPU
		{187BCA0A-2706-4DC8-9EE1-D9D2CD16653B}.Ad-Hoc|x86.ActiveCfg = Release|Any CPU
		{187BCA0A-2706-4DC8-9EE1-D9D2CD16653B}.Ad-Hoc|x86.Build.0 = Release|Any CPU
		{187BCA0A-2706-4DC8-9EE1-D9D2CD16653B}.AppStore|Any CPU.ActiveCfg = Release|Any CPU
		{187BCA0A-2706-4DC8-9EE1-D9D2CD16653B}.AppStore|Any CPU.Build.0 = Release|Any CPU
		{187BCA0A-2706-4DC8-9EE1-D9D2CD16653B}.AppStore|ARM.ActiveCfg = Release|Any CPU
		{187BCA0A-2706-4DC8-9EE1-D9D2CD16653B}.AppStore|ARM.Build.0 = Release|Any CPU
		{187BCA0A-2706-4DC8-9EE1-D9D2CD16653B}.AppStore|iPhone.ActiveCfg = Release|Any CPU
		{187BCA0A-2706-4DC8-9EE1-D9D2CD16653B}.AppStore|iPhone.Build.0 = Release|Any CPU
		{187BCA0A-2706-4DC8-9EE1-D9D2CD16653B}.AppStore|iPhoneSimulator.ActiveCfg = Release|Any CPU
		{187BCA0A-2706-4DC8-9EE1-D9D2CD16653B}.AppStore|iPhoneSimulator.Build.0 = Release|Any CPU
		{187BCA0A-2706-4DC8-9EE1-D9D2CD16653B}.AppStore|x64.ActiveCfg = Release|Any CPU
		{187BCA0A-2706-4DC8-9EE1-D9D2CD16653B}.AppStore|x64.Build.0 = Release|Any CPU
		{187BCA0A-2706-4DC8-9EE1-D9D2CD16653B}.AppStore|x86.ActiveCfg = Release|Any CPU
		{187BCA0A-2706-4DC8-9EE1-D9D2CD16653B}.AppStore|x86.Build.0 = Release|Any CPU
		{187BCA0A-2706-4DC8-9EE1-D9D2CD16653B}.Debug|Any CPU.ActiveCfg = Debug|Any CPU
		{187BCA0A-2706-4DC8-9EE1-D9D2CD16653B}.Debug|Any CPU.Build.0 = Debug|Any CPU
		{187BCA0A-2706-4DC8-9EE1-D9D2CD16653B}.Debug|ARM.ActiveCfg = Debug|Any CPU
		{187BCA0A-2706-4DC8-9EE1-D9D2CD16653B}.Debug|ARM.Build.0 = Debug|Any CPU
		{187BCA0A-2706-4DC8-9EE1-D9D2CD16653B}.Debug|iPhone.ActiveCfg = Debug|Any CPU
		{187BCA0A-2706-4DC8-9EE1-D9D2CD16653B}.Debug|iPhone.Build.0 = Debug|Any CPU
		{187BCA0A-2706-4DC8-9EE1-D9D2CD16653B}.Debug|iPhoneSimulator.ActiveCfg = Debug|Any CPU
		{187BCA0A-2706-4DC8-9EE1-D9D2CD16653B}.Debug|iPhoneSimulator.Build.0 = Debug|Any CPU
		{187BCA0A-2706-4DC8-9EE1-D9D2CD16653B}.Debug|x64.ActiveCfg = Debug|Any CPU
		{187BCA0A-2706-4DC8-9EE1-D9D2CD16653B}.Debug|x64.Build.0 = Debug|Any CPU
		{187BCA0A-2706-4DC8-9EE1-D9D2CD16653B}.Debug|x86.ActiveCfg = Debug|Any CPU
		{187BCA0A-2706-4DC8-9EE1-D9D2CD16653B}.Debug|x86.Build.0 = Debug|Any CPU
		{187BCA0A-2706-4DC8-9EE1-D9D2CD16653B}.Release|Any CPU.ActiveCfg = Release|Any CPU
		{187BCA0A-2706-4DC8-9EE1-D9D2CD16653B}.Release|Any CPU.Build.0 = Release|Any CPU
		{187BCA0A-2706-4DC8-9EE1-D9D2CD16653B}.Release|ARM.ActiveCfg = Release|Any CPU
		{187BCA0A-2706-4DC8-9EE1-D9D2CD16653B}.Release|ARM.Build.0 = Release|Any CPU
		{187BCA0A-2706-4DC8-9EE1-D9D2CD16653B}.Release|iPhone.ActiveCfg = Release|Any CPU
		{187BCA0A-2706-4DC8-9EE1-D9D2CD16653B}.Release|iPhone.Build.0 = Release|Any CPU
		{187BCA0A-2706-4DC8-9EE1-D9D2CD16653B}.Release|iPhoneSimulator.ActiveCfg = Release|Any CPU
		{187BCA0A-2706-4DC8-9EE1-D9D2CD16653B}.Release|iPhoneSimulator.Build.0 = Release|Any CPU
		{187BCA0A-2706-4DC8-9EE1-D9D2CD16653B}.Release|x64.ActiveCfg = Release|Any CPU
		{187BCA0A-2706-4DC8-9EE1-D9D2CD16653B}.Release|x64.Build.0 = Release|Any CPU
		{187BCA0A-2706-4DC8-9EE1-D9D2CD16653B}.Release|x86.ActiveCfg = Release|Any CPU
		{187BCA0A-2706-4DC8-9EE1-D9D2CD16653B}.Release|x86.Build.0 = Release|Any CPU
		{846D3721-CBBB-4827-BDF3-33B6D6D3E054}.Ad-Hoc|Any CPU.ActiveCfg = Release|Any CPU
		{846D3721-CBBB-4827-BDF3-33B6D6D3E054}.Ad-Hoc|Any CPU.Build.0 = Release|Any CPU
		{846D3721-CBBB-4827-BDF3-33B6D6D3E054}.Ad-Hoc|ARM.ActiveCfg = Release|Any CPU
		{846D3721-CBBB-4827-BDF3-33B6D6D3E054}.Ad-Hoc|ARM.Build.0 = Release|Any CPU
		{846D3721-CBBB-4827-BDF3-33B6D6D3E054}.Ad-Hoc|iPhone.ActiveCfg = Release|Any CPU
		{846D3721-CBBB-4827-BDF3-33B6D6D3E054}.Ad-Hoc|iPhone.Build.0 = Release|Any CPU
		{846D3721-CBBB-4827-BDF3-33B6D6D3E054}.Ad-Hoc|iPhoneSimulator.ActiveCfg = Release|Any CPU
		{846D3721-CBBB-4827-BDF3-33B6D6D3E054}.Ad-Hoc|iPhoneSimulator.Build.0 = Release|Any CPU
		{846D3721-CBBB-4827-BDF3-33B6D6D3E054}.Ad-Hoc|x64.ActiveCfg = Release|Any CPU
		{846D3721-CBBB-4827-BDF3-33B6D6D3E054}.Ad-Hoc|x64.Build.0 = Release|Any CPU
		{846D3721-CBBB-4827-BDF3-33B6D6D3E054}.Ad-Hoc|x86.ActiveCfg = Release|Any CPU
		{846D3721-CBBB-4827-BDF3-33B6D6D3E054}.Ad-Hoc|x86.Build.0 = Release|Any CPU
		{846D3721-CBBB-4827-BDF3-33B6D6D3E054}.AppStore|Any CPU.ActiveCfg = Release|Any CPU
		{846D3721-CBBB-4827-BDF3-33B6D6D3E054}.AppStore|Any CPU.Build.0 = Release|Any CPU
		{846D3721-CBBB-4827-BDF3-33B6D6D3E054}.AppStore|ARM.ActiveCfg = Release|Any CPU
		{846D3721-CBBB-4827-BDF3-33B6D6D3E054}.AppStore|ARM.Build.0 = Release|Any CPU
		{846D3721-CBBB-4827-BDF3-33B6D6D3E054}.AppStore|iPhone.ActiveCfg = Release|Any CPU
		{846D3721-CBBB-4827-BDF3-33B6D6D3E054}.AppStore|iPhone.Build.0 = Release|Any CPU
		{846D3721-CBBB-4827-BDF3-33B6D6D3E054}.AppStore|iPhoneSimulator.ActiveCfg = Release|Any CPU
		{846D3721-CBBB-4827-BDF3-33B6D6D3E054}.AppStore|iPhoneSimulator.Build.0 = Release|Any CPU
		{846D3721-CBBB-4827-BDF3-33B6D6D3E054}.AppStore|x64.ActiveCfg = Release|Any CPU
		{846D3721-CBBB-4827-BDF3-33B6D6D3E054}.AppStore|x64.Build.0 = Release|Any CPU
		{846D3721-CBBB-4827-BDF3-33B6D6D3E054}.AppStore|x86.ActiveCfg = Release|Any CPU
		{846D3721-CBBB-4827-BDF3-33B6D6D3E054}.AppStore|x86.Build.0 = Release|Any CPU
		{846D3721-CBBB-4827-BDF3-33B6D6D3E054}.Debug|Any CPU.ActiveCfg = Debug|Any CPU
		{846D3721-CBBB-4827-BDF3-33B6D6D3E054}.Debug|Any CPU.Build.0 = Debug|Any CPU
		{846D3721-CBBB-4827-BDF3-33B6D6D3E054}.Debug|ARM.ActiveCfg = Debug|Any CPU
		{846D3721-CBBB-4827-BDF3-33B6D6D3E054}.Debug|ARM.Build.0 = Debug|Any CPU
		{846D3721-CBBB-4827-BDF3-33B6D6D3E054}.Debug|iPhone.ActiveCfg = Debug|Any CPU
		{846D3721-CBBB-4827-BDF3-33B6D6D3E054}.Debug|iPhone.Build.0 = Debug|Any CPU
		{846D3721-CBBB-4827-BDF3-33B6D6D3E054}.Debug|iPhoneSimulator.ActiveCfg = Debug|Any CPU
		{846D3721-CBBB-4827-BDF3-33B6D6D3E054}.Debug|iPhoneSimulator.Build.0 = Debug|Any CPU
		{846D3721-CBBB-4827-BDF3-33B6D6D3E054}.Debug|x64.ActiveCfg = Debug|Any CPU
		{846D3721-CBBB-4827-BDF3-33B6D6D3E054}.Debug|x64.Build.0 = Debug|Any CPU
		{846D3721-CBBB-4827-BDF3-33B6D6D3E054}.Debug|x86.ActiveCfg = Debug|Any CPU
		{846D3721-CBBB-4827-BDF3-33B6D6D3E054}.Debug|x86.Build.0 = Debug|Any CPU
		{846D3721-CBBB-4827-BDF3-33B6D6D3E054}.Release|Any CPU.ActiveCfg = Release|Any CPU
		{846D3721-CBBB-4827-BDF3-33B6D6D3E054}.Release|Any CPU.Build.0 = Release|Any CPU
		{846D3721-CBBB-4827-BDF3-33B6D6D3E054}.Release|ARM.ActiveCfg = Release|Any CPU
		{846D3721-CBBB-4827-BDF3-33B6D6D3E054}.Release|ARM.Build.0 = Release|Any CPU
		{846D3721-CBBB-4827-BDF3-33B6D6D3E054}.Release|iPhone.ActiveCfg = Release|Any CPU
		{846D3721-CBBB-4827-BDF3-33B6D6D3E054}.Release|iPhone.Build.0 = Release|Any CPU
		{846D3721-CBBB-4827-BDF3-33B6D6D3E054}.Release|iPhoneSimulator.ActiveCfg = Release|Any CPU
		{846D3721-CBBB-4827-BDF3-33B6D6D3E054}.Release|iPhoneSimulator.Build.0 = Release|Any CPU
		{846D3721-CBBB-4827-BDF3-33B6D6D3E054}.Release|x64.ActiveCfg = Release|Any CPU
		{846D3721-CBBB-4827-BDF3-33B6D6D3E054}.Release|x64.Build.0 = Release|Any CPU
		{846D3721-CBBB-4827-BDF3-33B6D6D3E054}.Release|x86.ActiveCfg = Release|Any CPU
		{846D3721-CBBB-4827-BDF3-33B6D6D3E054}.Release|x86.Build.0 = Release|Any CPU
	EndGlobalSection
	GlobalSection(SolutionProperties) = preSolution
		HideSolutionNode = FALSE
	EndGlobalSection
	GlobalSection(ExtensibilityGlobals) = postSolution
		SolutionGuid = {01C8F3CF-57E2-4F68-8DC7-C17FEBEF4F70}
	EndGlobalSection
EndGlobal
